
Microsoft Visual Studio Solution File, Format Version 12.00
# Visual Studio 15
VisualStudioVersion = 15.0.28307.489
MinimumVisualStudioVersion = 10.0.40219.1
Project("{F184B08F-C81C-45F6-A57F-5ABD9991F28F}") = "Support", "Suppprt\Support.vbproj", "{CD8E53D2-B177-494B-AE08-1CEEF98E43D7}"
	ProjectSection(ProjectDependencies) = postProject
		{95EEDE57-72D4-4B14-B30B-3B040156B48A} = {95EEDE57-72D4-4B14-B30B-3B040156B48A}
	EndProjectSection
EndProject
Project("{F184B08F-C81C-45F6-A57F-5ABD9991F28F}") = "ServiceSupport", "ServiceSupport\ServiceSupport.vbproj", "{95EEDE57-72D4-4B14-B30B-3B040156B48A}"
EndProject
Global
	GlobalSection(SolutionConfigurationPlatforms) = preSolution
		Debug|Any CPU = Debug|Any CPU
		Release|Any CPU = Release|Any CPU
	EndGlobalSection
	GlobalSection(ProjectConfigurationPlatforms) = postSolution
		{CD8E53D2-B177-494B-AE08-1CEEF98E43D7}.Debug|Any CPU.ActiveCfg = Debug|Any CPU
		{CD8E53D2-B177-494B-AE08-1CEEF98E43D7}.Debug|Any CPU.Build.0 = Debug|Any CPU
		{CD8E53D2-B177-494B-AE08-1CEEF98E43D7}.Release|Any CPU.ActiveCfg = Release|Any CPU
		{CD8E53D2-B177-494B-AE08-1CEEF98E43D7}.Release|Any CPU.Build.0 = Release|Any CPU
		{95EEDE57-72D4-4B14-B30B-3B040156B48A}.Debug|Any CPU.ActiveCfg = Debug|Any CPU
		{95EEDE57-72D4-4B14-B30B-3B040156B48A}.Debug|Any CPU.Build.0 = Debug|Any CPU
		{95EEDE57-72D4-4B14-B30B-3B040156B48A}.Release|Any CPU.ActiveCfg = Release|Any CPU
		{95EEDE57-72D4-4B14-B30B-3B040156B48A}.Release|Any CPU.Build.0 = Release|Any CPU
	EndGlobalSection
	GlobalSection(SolutionProperties) = preSolution
		HideSolutionNode = FALSE
	EndGlobalSection
	GlobalSection(ExtensibilityGlobals) = postSolution
		SolutionGuid = {02CD7484-7197-4E0A-9B78-F80FD7F045F9}
	EndGlobalSection
EndGlobal
